
Microsoft Visual Studio Solution File, Format Version 12.00
# Visual Studio Version 16
VisualStudioVersion = 16.0.30804.86
MinimumVisualStudioVersion = 10.0.40219.1
Project("{9A19103F-16F7-4668-BE54-9A1E7A4F7556}") = "Coursework Cryptography", "Coursework Cryptography\Coursework Cryptography.csproj", "{D1F66427-18A1-4910-AFE6-DE8BC5578621}"
EndProject
Project("{FAE04EC0-301F-11D3-BF4B-00C04F79EFBC}") = "Bob", "Bob\Bob.csproj", "{56130B03-730B-439C-9FD9-681EB791EC41}"
EndProject
Project("{FAE04EC0-301F-11D3-BF4B-00C04F79EFBC}") = "_Alice", "_Alice\_Alice.csproj", "{42EB1F2C-208C-482D-809A-96D7B07DABAE}"
EndProject
Global
	GlobalSection(SolutionConfigurationPlatforms) = preSolution
		Debug|Any CPU = Debug|Any CPU
		Release|Any CPU = Release|Any CPU
	EndGlobalSection
	GlobalSection(ProjectConfigurationPlatforms) = postSolution
		{D1F66427-18A1-4910-AFE6-DE8BC5578621}.Debug|Any CPU.ActiveCfg = Debug|Any CPU
		{D1F66427-18A1-4910-AFE6-DE8BC5578621}.Debug|Any CPU.Build.0 = Debug|Any CPU
		{D1F66427-18A1-4910-AFE6-DE8BC5578621}.Release|Any CPU.ActiveCfg = Release|Any CPU
		{D1F66427-18A1-4910-AFE6-DE8BC5578621}.Release|Any CPU.Build.0 = Release|Any CPU
		{56130B03-730B-439C-9FD9-681EB791EC41}.Debug|Any CPU.ActiveCfg = Debug|Any CPU
		{56130B03-730B-439C-9FD9-681EB791EC41}.Debug|Any CPU.Build.0 = Debug|Any CPU
		{56130B03-730B-439C-9FD9-681EB791EC41}.Release|Any CPU.ActiveCfg = Release|Any CPU
		{56130B03-730B-439C-9FD9-681EB791EC41}.Release|Any CPU.Build.0 = Release|Any CPU
		{42EB1F2C-208C-482D-809A-96D7B07DABAE}.Debug|Any CPU.ActiveCfg = Debug|Any CPU
		{42EB1F2C-208C-482D-809A-96D7B07DABAE}.Debug|Any CPU.Build.0 = Debug|Any CPU
		{42EB1F2C-208C-482D-809A-96D7B07DABAE}.Release|Any CPU.ActiveCfg = Release|Any CPU
		{42EB1F2C-208C-482D-809A-96D7B07DABAE}.Release|Any CPU.Build.0 = Release|Any CPU
	EndGlobalSection
	GlobalSection(SolutionProperties) = preSolution
		HideSolutionNode = FALSE
	EndGlobalSection
	GlobalSection(ExtensibilityGlobals) = postSolution
		SolutionGuid = {C692E62F-6798-4F96-8294-E1E928DFD1B3}
	EndGlobalSection
EndGlobal
